Microsoft Visual Studio Solution File, Format Version 12.00
# Visual Studio Version 17
VisualStudioVersion = 17.5.2.0
MinimumVisualStudioVersion = 10.0.40219.1
Project("{FAE04EC0-301F-11D3-BF4B-00C04F79EFBC}") = "MKTL.WPF", "MKTL.WPF.csproj", "{84A580E5-31E0-6727-F95A-2C4E9BB118AB}"
EndProject
Global
	GlobalSection(SolutionConfigurationPlatforms) = preSolution
		Debug|Any CPU = Debug|Any CPU
		Release|Any CPU = Release|Any CPU
	EndGlobalSection
	GlobalSection(ProjectConfigurationPlatforms) = postSolution
		{84A580E5-31E0-6727-F95A-2C4E9BB118AB}.Debug|Any CPU.ActiveCfg = Debug|Any CPU
		{84A580E5-31E0-6727-F95A-2C4E9BB118AB}.Debug|Any CPU.Build.0 = Debug|Any CPU
		{84A580E5-31E0-6727-F95A-2C4E9BB118AB}.Release|Any CPU.ActiveCfg = Release|Any CPU
		{84A580E5-31E0-6727-F95A-2C4E9BB118AB}.Release|Any CPU.Build.0 = Release|Any CPU
	EndGlobalSection
	GlobalSection(SolutionProperties) = preSolution
		HideSolutionNode = FALSE
	EndGlobalSection
	GlobalSection(ExtensibilityGlobals) = postSolution
		SolutionGuid = {4797A37A-78A6-4635-BAD8-F89707A3DB21}
	EndGlobalSection
EndGlobal
